
Microsoft Visual Studio Solution File, Format Version 12.00
Project("{2150E333-8FDC-42A3-9474-1A3956D46DE8}") = "Core", "Core", "{397FBF7C-8581-4BF6-8A24-0CE1AA17F38B}"
EndProject
Project("{FAE04EC0-301F-11D3-BF4B-00C04F79EFBC}") = "Core", "Core\Core.csproj", "{C6315E36-4446-4129-8510-DD1316485DBA}"
EndProject
Project("{2150E333-8FDC-42A3-9474-1A3956D46DE8}") = "App", "App", "{54391B7E-9AE4-48F0-A766-6DADB7F05814}"
EndProject
Project("{FAE04EC0-301F-11D3-BF4B-00C04F79EFBC}") = "App", "App\App.csproj", "{AA7A4962-3297-4C3A-B550-FDDA28578C30}"
EndProject
Project("{2150E333-8FDC-42A3-9474-1A3956D46DE8}") = "Solution Items", "Solution Items", "{61CF2012-B907-4C47-B896-8B3938162F1D}"
	ProjectSection(SolutionItems) = preProject
		docker-compose.yml = docker-compose.yml
	EndProjectSection
EndProject
Project("{2150E333-8FDC-42A3-9474-1A3956D46DE8}") = "Agents", "Agents", "{0229B7E7-7564-45B1-A8E0-6030CB7C3657}"
EndProject
Project("{FAE04EC0-301F-11D3-BF4B-00C04F79EFBC}") = "AgentModbus", "AgentModbus\AgentModbus.csproj", "{727B51AE-A537-4646-A96E-38C809E4F423}"
EndProject
Project("{FAE04EC0-301F-11D3-BF4B-00C04F79EFBC}") = "AgentMQTT", "AgentMQTT\AgentMQTT.csproj", "{EA63D3B3-F3FF-496F-9028-E1D6FC890C61}"
EndProject
Project("{FAE04EC0-301F-11D3-BF4B-00C04F79EFBC}") = "AgentOPCUA", "AgentOPCUA\AgentOPCUA.csproj", "{6453E9C8-4294-420C-8CAC-64300B71C332}"
EndProject
Project("{2150E333-8FDC-42A3-9474-1A3956D46DE8}") = "Services", "Services", "{015B7A3F-7E95-47C7-9396-0D1758BF992B}"
EndProject
Project("{FAE04EC0-301F-11D3-BF4B-00C04F79EFBC}") = "ServiceDataStorage", "ServiceDataStorage\ServiceDataStorage.csproj", "{2B66FF3D-2673-4190-AEF2-4F09B0FE9E11}"
EndProject
Project("{FAE04EC0-301F-11D3-BF4B-00C04F79EFBC}") = "ServiceMonitoring", "ServiceMonitoring\ServiceMonitoring.csproj", "{D4243788-AEAA-4E23-BE14-6F50392BC98F}"
EndProject
Project("{FAE04EC0-301F-11D3-BF4B-00C04F79EFBC}") = "ServiceSecurity", "ServiceSecurity\ServiceSecurity.csproj", "{16E52F92-AE30-4B55-A403-075040F3FA26}"
EndProject
Project("{2150E333-8FDC-42A3-9474-1A3956D46DE8}") = "UI", "UI", "{8080D6E9-8EDC-4DE7-80D8-A21A7F0EBBD6}"
EndProject
Project("{FAE04EC0-301F-11D3-BF4B-00C04F79EFBC}") = "MainUI", "MainUI\MainUI.csproj", "{6C729A3E-9B9F-41F1-8A7E-B4FAA92C6483}"
EndProject
Global
	GlobalSection(SolutionConfigurationPlatforms) = preSolution
		Debug|Any CPU = Debug|Any CPU
		Release|Any CPU = Release|Any CPU
	EndGlobalSection
	GlobalSection(NestedProjects) = preSolution
		{C6315E36-4446-4129-8510-DD1316485DBA} = {397FBF7C-8581-4BF6-8A24-0CE1AA17F38B}
		{AA7A4962-3297-4C3A-B550-FDDA28578C30} = {54391B7E-9AE4-48F0-A766-6DADB7F05814}
		{727B51AE-A537-4646-A96E-38C809E4F423} = {0229B7E7-7564-45B1-A8E0-6030CB7C3657}
		{EA63D3B3-F3FF-496F-9028-E1D6FC890C61} = {0229B7E7-7564-45B1-A8E0-6030CB7C3657}
		{6453E9C8-4294-420C-8CAC-64300B71C332} = {0229B7E7-7564-45B1-A8E0-6030CB7C3657}
		{2B66FF3D-2673-4190-AEF2-4F09B0FE9E11} = {015B7A3F-7E95-47C7-9396-0D1758BF992B}
		{D4243788-AEAA-4E23-BE14-6F50392BC98F} = {015B7A3F-7E95-47C7-9396-0D1758BF992B}
		{16E52F92-AE30-4B55-A403-075040F3FA26} = {015B7A3F-7E95-47C7-9396-0D1758BF992B}
		{6C729A3E-9B9F-41F1-8A7E-B4FAA92C6483} = {8080D6E9-8EDC-4DE7-80D8-A21A7F0EBBD6}
	EndGlobalSection
	GlobalSection(ProjectConfigurationPlatforms) = postSolution
		{C6315E36-4446-4129-8510-DD1316485DBA}.Debug|Any CPU.ActiveCfg = Debug|Any CPU
		{C6315E36-4446-4129-8510-DD1316485DBA}.Debug|Any CPU.Build.0 = Debug|Any CPU
		{C6315E36-4446-4129-8510-DD1316485DBA}.Release|Any CPU.ActiveCfg = Release|Any CPU
		{C6315E36-4446-4129-8510-DD1316485DBA}.Release|Any CPU.Build.0 = Release|Any CPU
		{AA7A4962-3297-4C3A-B550-FDDA28578C30}.Debug|Any CPU.ActiveCfg = Debug|Any CPU
		{AA7A4962-3297-4C3A-B550-FDDA28578C30}.Debug|Any CPU.Build.0 = Debug|Any CPU
		{AA7A4962-3297-4C3A-B550-FDDA28578C30}.Release|Any CPU.ActiveCfg = Release|Any CPU
		{AA7A4962-3297-4C3A-B550-FDDA28578C30}.Release|Any CPU.Build.0 = Release|Any CPU
		{727B51AE-A537-4646-A96E-38C809E4F423}.Debug|Any CPU.ActiveCfg = Debug|Any CPU
		{727B51AE-A537-4646-A96E-38C809E4F423}.Debug|Any CPU.Build.0 = Debug|Any CPU
		{727B51AE-A537-4646-A96E-38C809E4F423}.Release|Any CPU.ActiveCfg = Release|Any CPU
		{727B51AE-A537-4646-A96E-38C809E4F423}.Release|Any CPU.Build.0 = Release|Any CPU
		{EA63D3B3-F3FF-496F-9028-E1D6FC890C61}.Debug|Any CPU.ActiveCfg = Debug|Any CPU
		{EA63D3B3-F3FF-496F-9028-E1D6FC890C61}.Debug|Any CPU.Build.0 = Debug|Any CPU
		{EA63D3B3-F3FF-496F-9028-E1D6FC890C61}.Release|Any CPU.ActiveCfg = Release|Any CPU
		{EA63D3B3-F3FF-496F-9028-E1D6FC890C61}.Release|Any CPU.Build.0 = Release|Any CPU
		{6453E9C8-4294-420C-8CAC-64300B71C332}.Debug|Any CPU.ActiveCfg = Debug|Any CPU
		{6453E9C8-4294-420C-8CAC-64300B71C332}.Debug|Any CPU.Build.0 = Debug|Any CPU
		{6453E9C8-4294-420C-8CAC-64300B71C332}.Release|Any CPU.ActiveCfg = Release|Any CPU
		{6453E9C8-4294-420C-8CAC-64300B71C332}.Release|Any CPU.Build.0 = Release|Any CPU
		{2B66FF3D-2673-4190-AEF2-4F09B0FE9E11}.Debug|Any CPU.ActiveCfg = Debug|Any CPU
		{2B66FF3D-2673-4190-AEF2-4F09B0FE9E11}.Debug|Any CPU.Build.0 = Debug|Any CPU
		{2B66FF3D-2673-4190-AEF2-4F09B0FE9E11}.Release|Any CPU.ActiveCfg = Release|Any CPU
		{2B66FF3D-2673-4190-AEF2-4F09B0FE9E11}.Release|Any CPU.Build.0 = Release|Any CPU
		{D4243788-AEAA-4E23-BE14-6F50392BC98F}.Debug|Any CPU.ActiveCfg = Debug|Any CPU
		{D4243788-AEAA-4E23-BE14-6F50392BC98F}.Debug|Any CPU.Build.0 = Debug|Any CPU
		{D4243788-AEAA-4E23-BE14-6F50392BC98F}.Release|Any CPU.ActiveCfg = Release|Any CPU
		{D4243788-AEAA-4E23-BE14-6F50392BC98F}.Release|Any CPU.Build.0 = Release|Any CPU
		{16E52F92-AE30-4B55-A403-075040F3FA26}.Debug|Any CPU.ActiveCfg = Debug|Any CPU
		{16E52F92-AE30-4B55-A403-075040F3FA26}.Debug|Any CPU.Build.0 = Debug|Any CPU
		{16E52F92-AE30-4B55-A403-075040F3FA26}.Release|Any CPU.ActiveCfg = Release|Any CPU
		{16E52F92-AE30-4B55-A403-075040F3FA26}.Release|Any CPU.Build.0 = Release|Any CPU
		{6C729A3E-9B9F-41F1-8A7E-B4FAA92C6483}.Debug|Any CPU.ActiveCfg = Debug|Any CPU
		{6C729A3E-9B9F-41F1-8A7E-B4FAA92C6483}.Debug|Any CPU.Build.0 = Debug|Any CPU
		{6C729A3E-9B9F-41F1-8A7E-B4FAA92C6483}.Release|Any CPU.ActiveCfg = Release|Any CPU
		{6C729A3E-9B9F-41F1-8A7E-B4FAA92C6483}.Release|Any CPU.Build.0 = Release|Any CPU
	EndGlobalSection
EndGlobal
