
Microsoft Visual Studio Solution File, Format Version 12.00
Project("{2150E333-8FDC-42A3-9474-1A3956D46DE8}") = "Agents", "Agents", "{464A967B-681F-4559-9BCA-6A775F0ADFBB}"
EndProject
Project("{2150E333-8FDC-42A3-9474-1A3956D46DE8}") = "Tests", "Tests", "{C6107B8A-640A-44B6-94B3-EA36776F66AB}"
EndProject
Project("{FAE04EC0-301F-11D3-BF4B-00C04F79EFBC}") = "OTSmartLink.Tests.Unit", "OTSmartLink.Tests.Unit\OTSmartLink.Tests.Unit.csproj", "{F5601B73-6A23-49F9-A9D8-210A9D79DAAB}"
EndProject
Project("{FAE04EC0-301F-11D3-BF4B-00C04F79EFBC}") = "OTSmartLink.Agents.OPCUA", "OTSmartLink.Agents.OPCUA\OTSmartLink.Agents.OPCUA.csproj", "{F6834477-4E5E-45AD-8FA8-A53DA7AFF246}"
EndProject
Project("{2150E333-8FDC-42A3-9474-1A3956D46DE8}") = "Solution Items", "Solution Items", "{5CEA51F4-432D-48CD-9565-FC12B380299A}"
	ProjectSection(SolutionItems) = preProject
		docker-compose.yml = docker-compose.yml
	EndProjectSection
EndProject
Project("{FAE04EC0-301F-11D3-BF4B-00C04F79EFBC}") = "OTSmartLink.Agents.MQTT", "OTSmartLink.Agents.MQTT\OTSmartLink.Agents.MQTT.csproj", "{CFD2B316-D8EC-47DC-8DD8-313387332584}"
EndProject
Project("{FAE04EC0-301F-11D3-BF4B-00C04F79EFBC}") = "OTSmartLink.Agents.Modbus", "OTSmartLink.Agents.Modbus\OTSmartLink.Agents.Modbus.csproj", "{1608BA14-6B81-4C5B-BEF6-1E1237A9A440}"
EndProject
Project("{2150E333-8FDC-42A3-9474-1A3956D46DE8}") = "Services", "Services", "{71C4DE22-722E-4900-8675-E98F05E47816}"
EndProject
Project("{FAE04EC0-301F-11D3-BF4B-00C04F79EFBC}") = "OTSmartLink.Services.DataStorage", "OTSmartLink.Services.DataStorage\OTSmartLink.Services.DataStorage.csproj", "{6433FE74-95D2-4CC8-844A-CCE7961174D8}"
EndProject
Project("{FAE04EC0-301F-11D3-BF4B-00C04F79EFBC}") = "OTSmartLink.Services.Monitoring", "OTSmartLink.Services.Monitoring\OTSmartLink.Services.Monitoring.csproj", "{5725D24A-FFF3-4CD1-AB3C-5A939C869CF6}"
EndProject
Project("{FAE04EC0-301F-11D3-BF4B-00C04F79EFBC}") = "OTSmartLink.Services.Security", "OTSmartLink.Services.Security\OTSmartLink.Services.Security.csproj", "{82BCCF06-43DB-4DCE-B7D2-7BCBCB983F64}"
EndProject
Project("{FAE04EC0-301F-11D3-BF4B-00C04F79EFBC}") = "OTSmartLink.Core", "OTSmartLink.Core\OTSmartLink.Core.csproj", "{1007DD39-900C-433A-937E-05B3837D15F6}"
EndProject
Global
	GlobalSection(SolutionConfigurationPlatforms) = preSolution
		Debug|Any CPU = Debug|Any CPU
		Release|Any CPU = Release|Any CPU
	EndGlobalSection
	GlobalSection(ProjectConfigurationPlatforms) = postSolution
		{F5601B73-6A23-49F9-A9D8-210A9D79DAAB}.Debug|Any CPU.ActiveCfg = Debug|Any CPU
		{F5601B73-6A23-49F9-A9D8-210A9D79DAAB}.Debug|Any CPU.Build.0 = Debug|Any CPU
		{F5601B73-6A23-49F9-A9D8-210A9D79DAAB}.Release|Any CPU.ActiveCfg = Release|Any CPU
		{F5601B73-6A23-49F9-A9D8-210A9D79DAAB}.Release|Any CPU.Build.0 = Release|Any CPU
		{F6834477-4E5E-45AD-8FA8-A53DA7AFF246}.Debug|Any CPU.ActiveCfg = Debug|Any CPU
		{F6834477-4E5E-45AD-8FA8-A53DA7AFF246}.Debug|Any CPU.Build.0 = Debug|Any CPU
		{F6834477-4E5E-45AD-8FA8-A53DA7AFF246}.Release|Any CPU.ActiveCfg = Release|Any CPU
		{F6834477-4E5E-45AD-8FA8-A53DA7AFF246}.Release|Any CPU.Build.0 = Release|Any CPU
		{CFD2B316-D8EC-47DC-8DD8-313387332584}.Debug|Any CPU.ActiveCfg = Debug|Any CPU
		{CFD2B316-D8EC-47DC-8DD8-313387332584}.Debug|Any CPU.Build.0 = Debug|Any CPU
		{CFD2B316-D8EC-47DC-8DD8-313387332584}.Release|Any CPU.ActiveCfg = Release|Any CPU
		{CFD2B316-D8EC-47DC-8DD8-313387332584}.Release|Any CPU.Build.0 = Release|Any CPU
		{1608BA14-6B81-4C5B-BEF6-1E1237A9A440}.Debug|Any CPU.ActiveCfg = Debug|Any CPU
		{1608BA14-6B81-4C5B-BEF6-1E1237A9A440}.Debug|Any CPU.Build.0 = Debug|Any CPU
		{1608BA14-6B81-4C5B-BEF6-1E1237A9A440}.Release|Any CPU.ActiveCfg = Release|Any CPU
		{1608BA14-6B81-4C5B-BEF6-1E1237A9A440}.Release|Any CPU.Build.0 = Release|Any CPU
		{6433FE74-95D2-4CC8-844A-CCE7961174D8}.Debug|Any CPU.ActiveCfg = Debug|Any CPU
		{6433FE74-95D2-4CC8-844A-CCE7961174D8}.Debug|Any CPU.Build.0 = Debug|Any CPU
		{6433FE74-95D2-4CC8-844A-CCE7961174D8}.Release|Any CPU.ActiveCfg = Release|Any CPU
		{6433FE74-95D2-4CC8-844A-CCE7961174D8}.Release|Any CPU.Build.0 = Release|Any CPU
		{5725D24A-FFF3-4CD1-AB3C-5A939C869CF6}.Debug|Any CPU.ActiveCfg = Debug|Any CPU
		{5725D24A-FFF3-4CD1-AB3C-5A939C869CF6}.Debug|Any CPU.Build.0 = Debug|Any CPU
		{5725D24A-FFF3-4CD1-AB3C-5A939C869CF6}.Release|Any CPU.ActiveCfg = Release|Any CPU
		{5725D24A-FFF3-4CD1-AB3C-5A939C869CF6}.Release|Any CPU.Build.0 = Release|Any CPU
		{82BCCF06-43DB-4DCE-B7D2-7BCBCB983F64}.Debug|Any CPU.ActiveCfg = Debug|Any CPU
		{82BCCF06-43DB-4DCE-B7D2-7BCBCB983F64}.Debug|Any CPU.Build.0 = Debug|Any CPU
		{82BCCF06-43DB-4DCE-B7D2-7BCBCB983F64}.Release|Any CPU.ActiveCfg = Release|Any CPU
		{82BCCF06-43DB-4DCE-B7D2-7BCBCB983F64}.Release|Any CPU.Build.0 = Release|Any CPU
		{1007DD39-900C-433A-937E-05B3837D15F6}.Debug|Any CPU.ActiveCfg = Debug|Any CPU
		{1007DD39-900C-433A-937E-05B3837D15F6}.Debug|Any CPU.Build.0 = Debug|Any CPU
		{1007DD39-900C-433A-937E-05B3837D15F6}.Release|Any CPU.ActiveCfg = Release|Any CPU
		{1007DD39-900C-433A-937E-05B3837D15F6}.Release|Any CPU.Build.0 = Release|Any CPU
	EndGlobalSection
	GlobalSection(NestedProjects) = preSolution
		{F5601B73-6A23-49F9-A9D8-210A9D79DAAB} = {C6107B8A-640A-44B6-94B3-EA36776F66AB}
		{F6834477-4E5E-45AD-8FA8-A53DA7AFF246} = {464A967B-681F-4559-9BCA-6A775F0ADFBB}
		{CFD2B316-D8EC-47DC-8DD8-313387332584} = {464A967B-681F-4559-9BCA-6A775F0ADFBB}
		{1608BA14-6B81-4C5B-BEF6-1E1237A9A440} = {464A967B-681F-4559-9BCA-6A775F0ADFBB}
		{6433FE74-95D2-4CC8-844A-CCE7961174D8} = {71C4DE22-722E-4900-8675-E98F05E47816}
		{5725D24A-FFF3-4CD1-AB3C-5A939C869CF6} = {71C4DE22-722E-4900-8675-E98F05E47816}
		{82BCCF06-43DB-4DCE-B7D2-7BCBCB983F64} = {71C4DE22-722E-4900-8675-E98F05E47816}
	EndGlobalSection
EndGlobal
